// !$*UTF8*$!
{
	archiveVersion = 1;
	classes = {
	};
	objectVersion = 50;
	objects = {

/* Begin PBXBuildFile section */
		F05A403323FC9A4000ABC8E2 /* AppDelegate.swift in Sources */ = {isa = PBXBuildFile; fileRef = F05A403223FC9A4000ABC8E2 /* AppDelegate.swift */; };
		F05A403523FC9A4000ABC8E2 /* SceneDelegate.swift in Sources */ = {isa = PBXBuildFile; fileRef = F05A403423FC9A4000ABC8E2 /* SceneDelegate.swift */; };
		F05A403823FC9A4000ABC8E2 /* NgoFitnessTracker.xcdatamodeld in Sources */ = {isa = PBXBuildFile; fileRef = F05A403623FC9A4000ABC8E2 /* NgoFitnessTracker.xcdatamodeld */; };
		F05A403C23FC9A4200ABC8E2 /* Assets.xcassets in Resources */ = {isa = PBXBuildFile; fileRef = F05A403B23FC9A4200ABC8E2 /* Assets.xcassets */; };
		F05A403F23FC9A4200ABC8E2 /* Preview Assets.xcassets in Resources */ = {isa = PBXBuildFile; fileRef = F05A403E23FC9A4200ABC8E2 /* Preview Assets.xcassets */; };
		F05A404223FC9A4200ABC8E2 /* LaunchScreen.storyboard in Resources */ = {isa = PBXBuildFile; fileRef = F05A404023FC9A4200ABC8E2 /* LaunchScreen.storyboard */; };
		F05A40B423FDF5F800ABC8E2 /* Modifiers.swift in Sources */ = {isa = PBXBuildFile; fileRef = F05A40AD23FDF5F200ABC8E2 /* Modifiers.swift */; };
		F05A40BC23FDF62100ABC8E2 /* Exercise.swift in Sources */ = {isa = PBXBuildFile; fileRef = F05A40BB23FDF62100ABC8E2 /* Exercise.swift */; };
		F05A40BE23FDF63900ABC8E2 /* Workout.swift in Sources */ = {isa = PBXBuildFile; fileRef = F05A40BD23FDF63900ABC8E2 /* Workout.swift */; };
		F05A40C023FE04DC00ABC8E2 /* ExecuteWorkoutView.swift in Sources */ = {isa = PBXBuildFile; fileRef = F05A40BF23FE04DC00ABC8E2 /* ExecuteWorkoutView.swift */; };
		F05A40C223FE0AF400ABC8E2 /* AppState.swift in Sources */ = {isa = PBXBuildFile; fileRef = F05A40C123FE0AF400ABC8E2 /* AppState.swift */; };
		F05A40C423FE0C8D00ABC8E2 /* ContentView.swift in Sources */ = {isa = PBXBuildFile; fileRef = F05A40C323FE0C8D00ABC8E2 /* ContentView.swift */; };
		F0E370FC2404D811000B5E07 /* UpdateWorkoutView.swift in Sources */ = {isa = PBXBuildFile; fileRef = F0E370FB2404D811000B5E07 /* UpdateWorkoutView.swift */; };
		F0E371002404DD44000B5E07 /* AppAction.swift in Sources */ = {isa = PBXBuildFile; fileRef = F0E370FF2404DD44000B5E07 /* AppAction.swift */; };
		F0E371022404DD79000B5E07 /* AppReducer.swift in Sources */ = {isa = PBXBuildFile; fileRef = F0E371012404DD79000B5E07 /* AppReducer.swift */; };
		F0E371042404DEB5000B5E07 /* AppStore.swift in Sources */ = {isa = PBXBuildFile; fileRef = F0E371032404DEB5000B5E07 /* AppStore.swift */; };
		F0E3713224064D55000B5E07 /* EditExerciseView.swift in Sources */ = {isa = PBXBuildFile; fileRef = F0E3713124064D55000B5E07 /* EditExerciseView.swift */; };
		F0E371342407052E000B5E07 /* ExecuteExerciseView.swift in Sources */ = {isa = PBXBuildFile; fileRef = F0E371332407052E000B5E07 /* ExecuteExerciseView.swift */; };
/* End PBXBuildFile section */

/* Begin PBXFileReference section */
		F05A402F23FC9A4000ABC8E2 /* NgoFitnessTracker.app */ = {isa = PBXFileReference; explicitFileType = wrapper.application; includeInIndex = 0; path = NgoFitnessTracker.app; sourceTree = BUILT_PRODUCTS_DIR; };
		F05A403223FC9A4000ABC8E2 /* AppDelegate.swift */ = {isa = PBXFileReference; lastKnownFileType = sourcecode.swift; path = AppDelegate.swift; sourceTree = "<group>"; };
		F05A403423FC9A4000ABC8E2 /* SceneDelegate.swift */ = {isa = PBXFileReference; lastKnownFileType = sourcecode.swift; path = SceneDelegate.swift; sourceTree = "<group>"; };
		F05A403723FC9A4000ABC8E2 /* NgoFitnessTracker.xcdatamodel */ = {isa = PBXFileReference; lastKnownFileType = wrapper.xcdatamodel; path = NgoFitnessTracker.xcdatamodel; sourceTree = "<group>"; };
		F05A403B23FC9A4200ABC8E2 /* Assets.xcassets */ = {isa = PBXFileReference; lastKnownFileType = folder.assetcatalog; path = Assets.xcassets; sourceTree = "<group>"; };
		F05A403E23FC9A4200ABC8E2 /* Preview Assets.xcassets */ = {isa = PBXFileReference; lastKnownFileType = folder.assetcatalog; path = "Preview Assets.xcassets"; sourceTree = "<group>"; };
		F05A404123FC9A4200ABC8E2 /* Base */ = {isa = PBXFileReference; lastKnownFileType = file.storyboard; name = Base; path = Base.lproj/LaunchScreen.storyboard; sourceTree = "<group>"; };
		F05A404323FC9A4200ABC8E2 /* Info.plist */ = {isa = PBXFileReference; lastKnownFileType = text.plist.xml; path = Info.plist; sourceTree = "<group>"; };
		F05A40AD23FDF5F200ABC8E2 /* Modifiers.swift */ = {isa = PBXFileReference; fileEncoding = 4; lastKnownFileType = sourcecode.swift; path = Modifiers.swift; sourceTree = "<group>"; };
		F05A40BB23FDF62100ABC8E2 /* Exercise.swift */ = {isa = PBXFileReference; lastKnownFileType = sourcecode.swift; path = Exercise.swift; sourceTree = "<group>"; };
		F05A40BD23FDF63900ABC8E2 /* Workout.swift */ = {isa = PBXFileReference; lastKnownFileType = sourcecode.swift; path = Workout.swift; sourceTree = "<group>"; };
		F05A40BF23FE04DC00ABC8E2 /* ExecuteWorkoutView.swift */ = {isa = PBXFileReference; lastKnownFileType = sourcecode.swift; path = ExecuteWorkoutView.swift; sourceTree = "<group>"; };
		F05A40C123FE0AF400ABC8E2 /* AppState.swift */ = {isa = PBXFileReference; lastKnownFileType = sourcecode.swift; path = AppState.swift; sourceTree = "<group>"; };
		F05A40C323FE0C8D00ABC8E2 /* ContentView.swift */ = {isa = PBXFileReference; lastKnownFileType = sourcecode.swift; path = ContentView.swift; sourceTree = "<group>"; };
		F0E370FB2404D811000B5E07 /* UpdateWorkoutView.swift */ = {isa = PBXFileReference; lastKnownFileType = sourcecode.swift; path = UpdateWorkoutView.swift; sourceTree = "<group>"; };
		F0E370FF2404DD44000B5E07 /* AppAction.swift */ = {isa = PBXFileReference; lastKnownFileType = sourcecode.swift; path = AppAction.swift; sourceTree = "<group>"; };
		F0E371012404DD79000B5E07 /* AppReducer.swift */ = {isa = PBXFileReference; lastKnownFileType = sourcecode.swift; path = AppReducer.swift; sourceTree = "<group>"; };
		F0E371032404DEB5000B5E07 /* AppStore.swift */ = {isa = PBXFileReference; lastKnownFileType = sourcecode.swift; path = AppStore.swift; sourceTree = "<group>"; };
		F0E3713124064D55000B5E07 /* EditExerciseView.swift */ = {isa = PBXFileReference; lastKnownFileType = sourcecode.swift; path = EditExerciseView.swift; sourceTree = "<group>"; };
		F0E371332407052E000B5E07 /* ExecuteExerciseView.swift */ = {isa = PBXFileReference; lastKnownFileType = sourcecode.swift; path = ExecuteExerciseView.swift; sourceTree = "<group>"; };
/* End PBXFileReference section */

/* Begin PBXFrameworksBuildPhase section */
		F05A402C23FC9A4000ABC8E2 /* Frameworks */ = {
			isa = PBXFrameworksBuildPhase;
			buildActionMask = 2147483647;
			files = (
			);
			runOnlyForDeploymentPostprocessing = 0;
		};
/* End PBXFrameworksBuildPhase section */

/* Begin PBXGroup section */
		F05A402623FC9A4000ABC8E2 = {
			isa = PBXGroup;
			children = (
				F05A403123FC9A4000ABC8E2 /* NgoFitnessTracker */,
				F05A403023FC9A4000ABC8E2 /* Products */,
			);
			sourceTree = "<group>";
		};
		F05A403023FC9A4000ABC8E2 /* Products */ = {
			isa = PBXGroup;
			children = (
				F05A402F23FC9A4000ABC8E2 /* NgoFitnessTracker.app */,
			);
			name = Products;
			sourceTree = "<group>";
		};
		F05A403123FC9A4000ABC8E2 /* NgoFitnessTracker */ = {
			isa = PBXGroup;
			children = (
				F05A40AA23FD073000ABC8E2 /* Init */,
				F05A40A923FD072400ABC8E2 /* Model */,
				F05A40A823FD072000ABC8E2 /* View */,
				F05A403B23FC9A4200ABC8E2 /* Assets.xcassets */,
				F05A404323FC9A4200ABC8E2 /* Info.plist */,
				F05A403623FC9A4000ABC8E2 /* NgoFitnessTracker.xcdatamodeld */,
				F05A403D23FC9A4200ABC8E2 /* Preview Content */,
			);
			path = NgoFitnessTracker;
			sourceTree = "<group>";
		};
		F05A403D23FC9A4200ABC8E2 /* Preview Content */ = {
			isa = PBXGroup;
			children = (
				F05A403E23FC9A4200ABC8E2 /* Preview Assets.xcassets */,
			);
			path = "Preview Content";
			sourceTree = "<group>";
		};
		F05A40A823FD072000ABC8E2 /* View */ = {
			isa = PBXGroup;
			children = (
				F05A40AD23FDF5F200ABC8E2 /* Modifiers.swift */,
				F0E370FB2404D811000B5E07 /* UpdateWorkoutView.swift */,
				F05A40C323FE0C8D00ABC8E2 /* ContentView.swift */,
				F0E3713124064D55000B5E07 /* EditExerciseView.swift */,
				F05A40BF23FE04DC00ABC8E2 /* ExecuteWorkoutView.swift */,
				F0E371332407052E000B5E07 /* ExecuteExerciseView.swift */,
			);
			path = View;
			sourceTree = "<group>";
		};
		F05A40A923FD072400ABC8E2 /* Model */ = {
			isa = PBXGroup;
			children = (
				F05A40BB23FDF62100ABC8E2 /* Exercise.swift */,
				F05A40BD23FDF63900ABC8E2 /* Workout.swift */,
				F05A40C123FE0AF400ABC8E2 /* AppState.swift */,
				F0E370FF2404DD44000B5E07 /* AppAction.swift */,
				F0E371012404DD79000B5E07 /* AppReducer.swift */,
				F0E371032404DEB5000B5E07 /* AppStore.swift */,
			);
			path = Model;
			sourceTree = "<group>";
		};
		F05A40AA23FD073000ABC8E2 /* Init */ = {
			isa = PBXGroup;
			children = (
				F05A403223FC9A4000ABC8E2 /* AppDelegate.swift */,
				F05A404023FC9A4200ABC8E2 /* LaunchScreen.storyboard */,
				F05A403423FC9A4000ABC8E2 /* SceneDelegate.swift */,
			);
			path = Init;
			sourceTree = "<group>";
		};
/* End PBXGroup section */

/* Begin PBXNativeTarget section */
		F05A402E23FC9A4000ABC8E2 /* NgoFitnessTracker */ = {
			isa = PBXNativeTarget;
			buildConfigurationList = F05A404623FC9A4200ABC8E2 /* Build configuration list for PBXNativeTarget "NgoFitnessTracker" */;
			buildPhases = (
				F05A402B23FC9A4000ABC8E2 /* Sources */,
				F05A402C23FC9A4000ABC8E2 /* Frameworks */,
				F05A402D23FC9A4000ABC8E2 /* Resources */,
			);
			buildRules = (
			);
			dependencies = (
			);
			name = NgoFitnessTracker;
			productName = NgoFitnessTracker;
			productReference = F05A402F23FC9A4000ABC8E2 /* NgoFitnessTracker.app */;
			productType = "com.apple.product-type.application";
		};
/* End PBXNativeTarget section */

/* Begin PBXProject section */
		F05A402723FC9A4000ABC8E2 /* Project object */ = {
			isa = PBXProject;
			attributes = {
				LastSwiftUpdateCheck = 1130;
				LastUpgradeCheck = 1130;
				ORGANIZATIONNAME = "Kevin Ngo";
				TargetAttributes = {
					F05A402E23FC9A4000ABC8E2 = {
						CreatedOnToolsVersion = 11.3;
					};
				};
			};
			buildConfigurationList = F05A402A23FC9A4000ABC8E2 /* Build configuration list for PBXProject "NgoFitnessTracker" */;
			compatibilityVersion = "Xcode 9.3";
			developmentRegion = en;
			hasScannedForEncodings = 0;
			knownRegions = (
				en,
				Base,
			);
			mainGroup = F05A402623FC9A4000ABC8E2;
			productRefGroup = F05A403023FC9A4000ABC8E2 /* Products */;
			projectDirPath = "";
			projectRoot = "";
			targets = (
				F05A402E23FC9A4000ABC8E2 /* NgoFitnessTracker */,
			);
		};
/* End PBXProject section */

/* Begin PBXResourcesBuildPhase section */
		F05A402D23FC9A4000ABC8E2 /* Resources */ = {
			isa = PBXResourcesBuildPhase;
			buildActionMask = 2147483647;
			files = (
				F05A404223FC9A4200ABC8E2 /* LaunchScreen.storyboard in Resources */,
				F05A403F23FC9A4200ABC8E2 /* Preview Assets.xcassets in Resources */,
				F05A403C23FC9A4200ABC8E2 /* Assets.xcassets in Resources */,
			);
			runOnlyForDeploymentPostprocessing = 0;
		};
/* End PBXResourcesBuildPhase section */

/* Begin PBXSourcesBuildPhase section */
		F05A402B23FC9A4000ABC8E2 /* Sources */ = {
			isa = PBXSourcesBuildPhase;
			buildActionMask = 2147483647;
			files = (
				F05A403323FC9A4000ABC8E2 /* AppDelegate.swift in Sources */,
				F05A40C423FE0C8D00ABC8E2 /* ContentView.swift in Sources */,
				F05A40C223FE0AF400ABC8E2 /* AppState.swift in Sources */,
				F05A403523FC9A4000ABC8E2 /* SceneDelegate.swift in Sources */,
				F05A40BC23FDF62100ABC8E2 /* Exercise.swift in Sources */,
				F05A40C023FE04DC00ABC8E2 /* ExecuteWorkoutView.swift in Sources */,
				F05A40B423FDF5F800ABC8E2 /* Modifiers.swift in Sources */,
				F0E371342407052E000B5E07 /* ExecuteExerciseView.swift in Sources */,
				F0E3713224064D55000B5E07 /* EditExerciseView.swift in Sources */,
				F0E371042404DEB5000B5E07 /* AppStore.swift in Sources */,
				F0E371002404DD44000B5E07 /* AppAction.swift in Sources */,
				F05A403823FC9A4000ABC8E2 /* NgoFitnessTracker.xcdatamodeld in Sources */,
				F0E371022404DD79000B5E07 /* AppReducer.swift in Sources */,
				F05A40BE23FDF63900ABC8E2 /* Workout.swift in Sources */,
				F0E370FC2404D811000B5E07 /* UpdateWorkoutView.swift in Sources */,
			);
			runOnlyForDeploymentPostprocessing = 0;
		};
/* End PBXSourcesBuildPhase section */

/* Begin PBXVariantGroup section */
		F05A404023FC9A4200ABC8E2 /* LaunchScreen.storyboard */ = {
			isa = PBXVariantGroup;
			children = (
				F05A404123FC9A4200ABC8E2 /* Base */,
			);
			name = LaunchScreen.storyboard;
			sourceTree = "<group>";
		};
/* End PBXVariantGroup section */

/* Begin XCBuildConfiguration section */
		F05A404423FC9A4200ABC8E2 /* Debug */ = {
			isa = XCBuildConfiguration;
			buildSettings = {
				ALWAYS_SEARCH_USER_PATHS = NO;
				CLANG_ANALYZER_NONNULL = YES;
				CLANG_ANALYZER_NUMBER_OBJECT_CONVERSION = YES_AGGRESSIVE;
				CLANG_CXX_LANGUAGE_STANDARD = "gnu++14";
				CLANG_CXX_LIBRARY = "libc++";
				CLANG_ENABLE_MODULES = YES;
				CLANG_ENABLE_OBJC_ARC = YES;
				CLANG_ENABLE_OBJC_WEAK = YES;
				CLANG_WARN_BLOCK_CAPTURE_AUTORELEASING = YES;
				CLANG_WARN_BOOL_CONVERSION = YES;
				CLANG_WARN_COMMA = YES;
				CLANG_WARN_CONSTANT_CONVERSION = YES;
				CLANG_WARN_DEPRECATED_OBJC_IMPLEMENTATIONS = YES;
				CLANG_WARN_DIRECT_OBJC_ISA_USAGE = YES_ERROR;
				CLANG_WARN_DOCUMENTATION_COMMENTS = YES;
				CLANG_WARN_EMPTY_BODY = YES;
				CLANG_WARN_ENUM_CONVERSION = YES;
				CLANG_WARN_INFINITE_RECURSION = YES;
				CLANG_WARN_INT_CONVERSION = YES;
				CLANG_WARN_NON_LITERAL_NULL_CONVERSION = YES;
				CLANG_WARN_OBJC_IMPLICIT_RETAIN_SELF = YES;
				CLANG_WARN_OBJC_LITERAL_CONVERSION = YES;
				CLANG_WARN_OBJC_ROOT_CLASS = YES_ERROR;
				CLANG_WARN_RANGE_LOOP_ANALYSIS = YES;
				CLANG_WARN_STRICT_PROTOTYPES = YES;
				CLANG_WARN_SUSPICIOUS_MOVE = YES;
				CLANG_WARN_UNGUARDED_AVAILABILITY = YES_AGGRESSIVE;
				CLANG_WARN_UNREACHABLE_CODE = YES;
				CLANG_WARN__DUPLICATE_METHOD_MATCH = YES;
				COPY_PHASE_STRIP = NO;
				DEBUG_INFORMATION_FORMAT = dwarf;
				ENABLE_STRICT_OBJC_MSGSEND = YES;
				ENABLE_TESTABILITY = YES;
				GCC_C_LANGUAGE_STANDARD = gnu11;
				GCC_DYNAMIC_NO_PIC = NO;
				GCC_NO_COMMON_BLOCKS = YES;
				GCC_OPTIMIZATION_LEVEL = 0;
				GCC_PREPROCESSOR_DEFINITIONS = (
					"DEBUG=1",
					"$(inherited)",
				);
				GCC_WARN_64_TO_32_BIT_CONVERSION = YES;
				GCC_WARN_ABOUT_RETURN_TYPE = YES_ERROR;
				GCC_WARN_UNDECLARED_SELECTOR = YES;
				GCC_WARN_UNINITIALIZED_AUTOS = YES_AGGRESSIVE;
				GCC_WARN_UNUSED_FUNCTION = YES;
				GCC_WARN_UNUSED_VARIABLE = YES;
				IPHONEOS_DEPLOYMENT_TARGET = 13.2;
				MTL_ENABLE_DEBUG_INFO = INCLUDE_SOURCE;
				MTL_FAST_MATH = YES;
				ONLY_ACTIVE_ARCH = YES;
				SDKROOT = iphoneos;
				SWIFT_ACTIVE_COMPILATION_CONDITIONS = DEBUG;
				SWIFT_OPTIMIZATION_LEVEL = "-Onone";
			};
			name = Debug;
		};
		F05A404523FC9A4200ABC8E2 /* Release */ = {
			isa = XCBuildConfiguration;
			buildSettings = {
				ALWAYS_SEARCH_USER_PATHS = NO;
				CLANG_ANALYZER_NONNULL = YES;
				CLANG_ANALYZER_NUMBER_OBJECT_CONVERSION = YES_AGGRESSIVE;
				CLANG_CXX_LANGUAGE_STANDARD = "gnu++14";
				CLANG_CXX_LIBRARY = "libc++";
				CLANG_ENABLE_MODULES = YES;
				CLANG_ENABLE_OBJC_ARC = YES;
				CLANG_ENABLE_OBJC_WEAK = YES;
				CLANG_WARN_BLOCK_CAPTURE_AUTORELEASING = YES;
				CLANG_WARN_BOOL_CONVERSION = YES;
				CLANG_WARN_COMMA = YES;
				CLANG_WARN_CONSTANT_CONVERSION = YES;
				CLANG_WARN_DEPRECATED_OBJC_IMPLEMENTATIONS = YES;
				CLANG_WARN_DIRECT_OBJC_ISA_USAGE = YES_ERROR;
				CLANG_WARN_DOCUMENTATION_COMMENTS = YES;
				CLANG_WARN_EMPTY_BODY = YES;
				CLANG_WARN_ENUM_CONVERSION = YES;
				CLANG_WARN_INFINITE_RECURSION = YES;
				CLANG_WARN_INT_CONVERSION = YES;
				CLANG_WARN_NON_LITERAL_NULL_CONVERSION = YES;
				CLANG_WARN_OBJC_IMPLICIT_RETAIN_SELF = YES;
				CLANG_WARN_OBJC_LITERAL_CONVERSION = YES;
				CLANG_WARN_OBJC_ROOT_CLASS = YES_ERROR;
				CLANG_WARN_RANGE_LOOP_ANALYSIS = YES;
				CLANG_WARN_STRICT_PROTOTYPES = YES;
				CLANG_WARN_SUSPICIOUS_MOVE = YES;
				CLANG_WARN_UNGUARDED_AVAILABILITY = YES_AGGRESSIVE;
				CLANG_WARN_UNREACHABLE_CODE = YES;
				CLANG_WARN__DUPLICATE_METHOD_MATCH = YES;
				COPY_PHASE_STRIP = NO;
				DEBUG_INFORMATION_FORMAT = "dwarf-with-dsym";
				ENABLE_NS_ASSERTIONS = NO;
				ENABLE_STRICT_OBJC_MSGSEND = YES;
				GCC_C_LANGUAGE_STANDARD = gnu11;
				GCC_NO_COMMON_BLOCKS = YES;
				GCC_WARN_64_TO_32_BIT_CONVERSION = YES;
				GCC_WARN_ABOUT_RETURN_TYPE = YES_ERROR;
				GCC_WARN_UNDECLARED_SELECTOR = YES;
				GCC_WARN_UNINITIALIZED_AUTOS = YES_AGGRESSIVE;
				GCC_WARN_UNUSED_FUNCTION = YES;
				GCC_WARN_UNUSED_VARIABLE = YES;
				IPHONEOS_DEPLOYMENT_TARGET = 13.2;
				MTL_ENABLE_DEBUG_INFO = NO;
				MTL_FAST_MATH = YES;
				SDKROOT = iphoneos;
				SWIFT_COMPILATION_MODE = wholemodule;
				SWIFT_OPTIMIZATION_LEVEL = "-O";
				VALIDATE_PRODUCT = YES;
			};
			name = Release;
		};
		F05A404723FC9A4200ABC8E2 /* Debug */ = {
			isa = XCBuildConfiguration;
			buildSettings = {
				ASSETCATALOG_COMPILER_APPICON_NAME = AppIcon;
				CODE_SIGN_STYLE = Automatic;
				DEVELOPMENT_ASSET_PATHS = "\"NgoFitnessTracker/Preview Content\"";
				DEVELOPMENT_TEAM = RN7VW6K2SU;
				ENABLE_PREVIEWS = YES;
				INFOPLIST_FILE = NgoFitnessTracker/Info.plist;
				LD_RUNPATH_SEARCH_PATHS = (
					"$(inherited)",
					"@executable_path/Frameworks",
				);
				PRODUCT_BUNDLE_IDENTIFIER = com.kevinngo.NgoFitnessTracker;
				PRODUCT_NAME = "$(TARGET_NAME)";
				SWIFT_VERSION = 5.0;
				TARGETED_DEVICE_FAMILY = "1,2";
			};
			name = Debug;
		};
		F05A404823FC9A4200ABC8E2 /* Release */ = {
			isa = XCBuildConfiguration;
			buildSettings = {
				ASSETCATALOG_COMPILER_APPICON_NAME = AppIcon;
				CODE_SIGN_STYLE = Automatic;
				DEVELOPMENT_ASSET_PATHS = "\"NgoFitnessTracker/Preview Content\"";
				DEVELOPMENT_TEAM = RN7VW6K2SU;
				ENABLE_PREVIEWS = YES;
				INFOPLIST_FILE = NgoFitnessTracker/Info.plist;
				LD_RUNPATH_SEARCH_PATHS = (
					"$(inherited)",
					"@executable_path/Frameworks",
				);
				PRODUCT_BUNDLE_IDENTIFIER = com.kevinngo.NgoFitnessTracker;
				PRODUCT_NAME = "$(TARGET_NAME)";
				SWIFT_VERSION = 5.0;
				TARGETED_DEVICE_FAMILY = "1,2";
			};
			name = Release;
		};
/* End XCBuildConfiguration section */

/* Begin XCConfigurationList section */
		F05A402A23FC9A4000ABC8E2 /* Build configuration list for PBXProject "NgoFitnessTracker" */ = {
			isa = XCConfigurationList;
			buildConfigurations = (
				F05A404423FC9A4200ABC8E2 /* Debug */,
				F05A404523FC9A4200ABC8E2 /* Release */,
			);
			defaultConfigurationIsVisible = 0;
			defaultConfigurationName = Release;
		};
		F05A404623FC9A4200ABC8E2 /* Build configuration list for PBXNativeTarget "NgoFitnessTracker" */ = {
			isa = XCConfigurationList;
			buildConfigurations = (
				F05A404723FC9A4200ABC8E2 /* Debug */,
				F05A404823FC9A4200ABC8E2 /* Release */,
			);
			defaultConfigurationIsVisible = 0;
			defaultConfigurationName = Release;
		};
/* End XCConfigurationList section */

/* Begin XCVersionGroup section */
		F05A403623FC9A4000ABC8E2 /* NgoFitnessTracker.xcdatamodeld */ = {
			isa = XCVersionGroup;
			children = (
				F05A403723FC9A4000ABC8E2 /* NgoFitnessTracker.xcdatamodel */,
			);
			currentVersion = F05A403723FC9A4000ABC8E2 /* NgoFitnessTracker.xcdatamodel */;
			path = NgoFitnessTracker.xcdatamodeld;
			sourceTree = "<group>";
			versionGroupType = wrapper.xcdatamodel;
		};
/* End XCVersionGroup section */
	};
	rootObject = F05A402723FC9A4000ABC8E2 /* Project object */;
}
